// !$*UTF8*$!
{
	archiveVersion = 1;
	classes = {
	};
	objectVersion = 51;
	objects = {

/* Begin PBXBuildFile section */
		B0233BECB95FEB11273D42A2 /* Pods_Shopping_List.framework in Frameworks */ = {isa = PBXBuildFile; fileRef = 3A397ECA577B571AC68534C5 /* Pods_Shopping_List.framework */; };
		BA20CEC425F08AFD008B30C4 /* AppDelegate.swift in Sources */ = {isa = PBXBuildFile; fileRef = BA20CEC325F08AFD008B30C4 /* AppDelegate.swift */; };
		BA20CEC625F08AFD008B30C4 /* SceneDelegate.swift in Sources */ = {isa = PBXBuildFile; fileRef = BA20CEC525F08AFD008B30C4 /* SceneDelegate.swift */; };
		BA20CEC825F08AFD008B30C4 /* ViewController.swift in Sources */ = {isa = PBXBuildFile; fileRef = BA20CEC725F08AFD008B30C4 /* ViewController.swift */; };
		BA20CECB25F08AFD008B30C4 /* Main.storyboard in Resources */ = {isa = PBXBuildFile; fileRef = BA20CEC925F08AFD008B30C4 /* Main.storyboard */; };
		BA20CECD25F08B01008B30C4 /* Assets.xcassets in Resources */ = {isa = PBXBuildFile; fileRef = BA20CECC25F08B01008B30C4 /* Assets.xcassets */; };
		BA20CED025F08B01008B30C4 /* LaunchScreen.storyboard in Resources */ = {isa = PBXBuildFile; fileRef = BA20CECE25F08B01008B30C4 /* LaunchScreen.storyboard */; };
		BA20CED925F08C06008B30C4 /* LoginViewController.swift in Sources */ = {isa = PBXBuildFile; fileRef = BA20CED825F08C06008B30C4 /* LoginViewController.swift */; };
		BA20CEDC25F08C33008B30C4 /* RegisterViewController.swift in Sources */ = {isa = PBXBuildFile; fileRef = BA20CEDB25F08C33008B30C4 /* RegisterViewController.swift */; };
		BA20CF2125F09AB9008B30C4 /* GoogleService-Info.plist in Resources */ = {isa = PBXBuildFile; fileRef = BA20CF2025F09AB9008B30C4 /* GoogleService-Info.plist */; };
		BA60FEA925F58A0000957078 /* ListViewController.swift in Sources */ = {isa = PBXBuildFile; fileRef = BA60FEA825F58A0000957078 /* ListViewController.swift */; };
		BAC1DB00261057E600497A02 /* DataModel.xcdatamodeld in Sources */ = {isa = PBXBuildFile; fileRef = BAC1DAFE261057E600497A02 /* DataModel.xcdatamodeld */; };
/* End PBXBuildFile section */

/* Begin PBXFileReference section */
		06AC5C8BAF110C75279A5A33 /* Pods-Shopping-List.debug.xcconfig */ = {isa = PBXFileReference; includeInIndex = 1; lastKnownFileType = text.xcconfig; name = "Pods-Shopping-List.debug.xcconfig"; path = "Target Support Files/Pods-Shopping-List/Pods-Shopping-List.debug.xcconfig"; sourceTree = "<group>"; };
		3A397ECA577B571AC68534C5 /* Pods_Shopping_List.framework */ = {isa = PBXFileReference; explicitFileType = wrapper.framework; includeInIndex = 0; path = Pods_Shopping_List.framework; sourceTree = BUILT_PRODUCTS_DIR; };
		BA20CEC025F08AFD008B30C4 /* Shopping-List.app */ = {isa = PBXFileReference; explicitFileType = wrapper.application; includeInIndex = 0; path = "Shopping-List.app"; sourceTree = BUILT_PRODUCTS_DIR; };
		BA20CEC325F08AFD008B30C4 /* AppDelegate.swift */ = {isa = PBXFileReference; lastKnownFileType = sourcecode.swift; path = AppDelegate.swift; sourceTree = "<group>"; };
		BA20CEC525F08AFD008B30C4 /* SceneDelegate.swift */ = {isa = PBXFileReference; lastKnownFileType = sourcecode.swift; path = SceneDelegate.swift; sourceTree = "<group>"; };
		BA20CEC725F08AFD008B30C4 /* ViewController.swift */ = {isa = PBXFileReference; lastKnownFileType = sourcecode.swift; path = ViewController.swift; sourceTree = "<group>"; };
		BA20CECA25F08AFD008B30C4 /* Base */ = {isa = PBXFileReference; lastKnownFileType = file.storyboard; name = Base; path = Base.lproj/Main.storyboard; sourceTree = "<group>"; };
		BA20CECC25F08B01008B30C4 /* Assets.xcassets */ = {isa = PBXFileReference; lastKnownFileType = folder.assetcatalog; path = Assets.xcassets; sourceTree = "<group>"; };
		BA20CECF25F08B01008B30C4 /* Base */ = {isa = PBXFileReference; lastKnownFileType = file.storyboard; name = Base; path = Base.lproj/LaunchScreen.storyboard; sourceTree = "<group>"; };
		BA20CED125F08B01008B30C4 /* Info.plist */ = {isa = PBXFileReference; lastKnownFileType = text.plist.xml; path = Info.plist; sourceTree = "<group>"; };
		BA20CED825F08C06008B30C4 /* LoginViewController.swift */ = {isa = PBXFileReference; lastKnownFileType = sourcecode.swift; path = LoginViewController.swift; sourceTree = "<group>"; };
		BA20CEDB25F08C33008B30C4 /* RegisterViewController.swift */ = {isa = PBXFileReference; lastKnownFileType = sourcecode.swift; path = RegisterViewController.swift; sourceTree = "<group>"; };
		BA20CF2025F09AB9008B30C4 /* GoogleService-Info.plist */ = {isa = PBXFileReference; fileEncoding = 4; lastKnownFileType = text.plist.xml; path = "GoogleService-Info.plist"; sourceTree = "<group>"; };
		BA60FEA825F58A0000957078 /* ListViewController.swift */ = {isa = PBXFileReference; lastKnownFileType = sourcecode.swift; path = ListViewController.swift; sourceTree = "<group>"; };
		BAC1DAFF261057E600497A02 /* DataModel.xcdatamodel */ = {isa = PBXFileReference; lastKnownFileType = wrapper.xcdatamodel; path = DataModel.xcdatamodel; sourceTree = "<group>"; };
		E678156EBE49DDDAC4E51E68 /* Pods-Shopping-List.release.xcconfig */ = {isa = PBXFileReference; includeInIndex = 1; lastKnownFileType = text.xcconfig; name = "Pods-Shopping-List.release.xcconfig"; path = "Target Support Files/Pods-Shopping-List/Pods-Shopping-List.release.xcconfig"; sourceTree = "<group>"; };
/* End PBXFileReference section */

/* Begin PBXFrameworksBuildPhase section */
		BA20CEBD25F08AFD008B30C4 /* Frameworks */ = {
			isa = PBXFrameworksBuildPhase;
			buildActionMask = 2147483647;
			files = (
				B0233BECB95FEB11273D42A2 /* Pods_Shopping_List.framework in Frameworks */,
			);
			runOnlyForDeploymentPostprocessing = 0;
		};
/* End PBXFrameworksBuildPhase section */

/* Begin PBXGroup section */
		27616C3B7A42136E43B4CF8F /* Frameworks */ = {
			isa = PBXGroup;
			children = (
				3A397ECA577B571AC68534C5 /* Pods_Shopping_List.framework */,
			);
			name = Frameworks;
			sourceTree = "<group>";
		};
		BA20CEB725F08AFD008B30C4 = {
			isa = PBXGroup;
			children = (
				BA20CEC225F08AFD008B30C4 /* Shopping-List */,
				BA20CEC125F08AFD008B30C4 /* Products */,
				C674160AC1BBC0F4324E84A7 /* Pods */,
				27616C3B7A42136E43B4CF8F /* Frameworks */,
			);
			sourceTree = "<group>";
		};
		BA20CEC125F08AFD008B30C4 /* Products */ = {
			isa = PBXGroup;
			children = (
				BA20CEC025F08AFD008B30C4 /* Shopping-List.app */,
			);
			name = Products;
			sourceTree = "<group>";
		};
		BA20CEC225F08AFD008B30C4 /* Shopping-List */ = {
			isa = PBXGroup;
			children = (
				BAC1DB062610594200497A02 /* Data Model */,
				BAC1DB052610590900497A02 /* Plist */,
				BAC1DB04261058EC00497A02 /* Storyboard */,
				BAC1DB03261058DC00497A02 /* Delegates */,
				BAC1DB02261058AE00497A02 /* View controllers */,
				BA20CECC25F08B01008B30C4 /* Assets.xcassets */,
				BA20CED125F08B01008B30C4 /* Info.plist */,
			);
			path = "Shopping-List";
			sourceTree = "<group>";
		};
		BAC1DB02261058AE00497A02 /* View controllers */ = {
			isa = PBXGroup;
			children = (
				BA20CEDB25F08C33008B30C4 /* RegisterViewController.swift */,
				BA20CED825F08C06008B30C4 /* LoginViewController.swift */,
				BA60FEA825F58A0000957078 /* ListViewController.swift */,
				BA20CEC725F08AFD008B30C4 /* ViewController.swift */,
			);
			path = "View controllers";
			sourceTree = "<group>";
		};
		BAC1DB03261058DC00497A02 /* Delegates */ = {
			isa = PBXGroup;
			children = (
				BA20CEC325F08AFD008B30C4 /* AppDelegate.swift */,
				BA20CEC525F08AFD008B30C4 /* SceneDelegate.swift */,
			);
			path = Delegates;
			sourceTree = "<group>";
		};
		BAC1DB04261058EC00497A02 /* Storyboard */ = {
			isa = PBXGroup;
			children = (
				BA20CECE25F08B01008B30C4 /* LaunchScreen.storyboard */,
				BA20CEC925F08AFD008B30C4 /* Main.storyboard */,
			);
			path = Storyboard;
			sourceTree = "<group>";
		};
		BAC1DB052610590900497A02 /* Plist */ = {
			isa = PBXGroup;
			children = (
				BA20CF2025F09AB9008B30C4 /* GoogleService-Info.plist */,
			);
			path = Plist;
			sourceTree = "<group>";
		};
		BAC1DB062610594200497A02 /* Data Model */ = {
			isa = PBXGroup;
			children = (
				BAC1DAFE261057E600497A02 /* DataModel.xcdatamodeld */,
			);
			path = "Data Model";
			sourceTree = "<group>";
		};
		C674160AC1BBC0F4324E84A7 /* Pods */ = {
			isa = PBXGroup;
			children = (
				06AC5C8BAF110C75279A5A33 /* Pods-Shopping-List.debug.xcconfig */,
				E678156EBE49DDDAC4E51E68 /* Pods-Shopping-List.release.xcconfig */,
			);
			path = Pods;
			sourceTree = "<group>";
		};
/* End PBXGroup section */

/* Begin PBXNativeTarget section */
		BA20CEBF25F08AFD008B30C4 /* Shopping-List */ = {
			isa = PBXNativeTarget;
			buildConfigurationList = BA20CED425F08B01008B30C4 /* Build configuration list for PBXNativeTarget "Shopping-List" */;
			buildPhases = (
				7744812B807DA4DACFD19857 /* [CP] Check Pods Manifest.lock */,
				BA20CEBC25F08AFD008B30C4 /* Sources */,
				BA20CEBD25F08AFD008B30C4 /* Frameworks */,
				BA20CEBE25F08AFD008B30C4 /* Resources */,
				6714B876098B9EEBBFC515DC /* [CP] Embed Pods Frameworks */,
			);
			buildRules = (
			);
			dependencies = (
			);
			name = "Shopping-List";
			productName = "Shopping-List";
			productReference = BA20CEC025F08AFD008B30C4 /* Shopping-List.app */;
			productType = "com.apple.product-type.application";
		};
/* End PBXNativeTarget section */

/* Begin PBXProject section */
		BA20CEB825F08AFD008B30C4 /* Project object */ = {
			isa = PBXProject;
			attributes = {
				LastSwiftUpdateCheck = 1240;
				LastUpgradeCheck = 1240;
				TargetAttributes = {
					BA20CEBF25F08AFD008B30C4 = {
						CreatedOnToolsVersion = 12.4;
					};
				};
			};
			buildConfigurationList = BA20CEBB25F08AFD008B30C4 /* Build configuration list for PBXProject "Shopping-List" */;
			compatibilityVersion = "Xcode 9.3";
			developmentRegion = en;
			hasScannedForEncodings = 0;
			knownRegions = (
				en,
				Base,
			);
			mainGroup = BA20CEB725F08AFD008B30C4;
			productRefGroup = BA20CEC125F08AFD008B30C4 /* Products */;
			projectDirPath = "";
			projectRoot = "";
			targets = (
				BA20CEBF25F08AFD008B30C4 /* Shopping-List */,
			);
		};
/* End PBXProject section */

/* Begin PBXResourcesBuildPhase section */
		BA20CEBE25F08AFD008B30C4 /* Resources */ = {
			isa = PBXResourcesBuildPhase;
			buildActionMask = 2147483647;
			files = (
				BA20CED025F08B01008B30C4 /* LaunchScreen.storyboard in Resources */,
				BA20CF2125F09AB9008B30C4 /* GoogleService-Info.plist in Resources */,
				BA20CECD25F08B01008B30C4 /* Assets.xcassets in Resources */,
				BA20CECB25F08AFD008B30C4 /* Main.storyboard in Resources */,
			);
			runOnlyForDeploymentPostprocessing = 0;
		};
/* End PBXResourcesBuildPhase section */

/* Begin PBXShellScriptBuildPhase section */
		6714B876098B9EEBBFC515DC /* [CP] Embed Pods Frameworks */ = {
			isa = PBXShellScriptBuildPhase;
			buildActionMask = 2147483647;
			files = (
			);
			inputFileListPaths = (
				"${PODS_ROOT}/Target Support Files/Pods-Shopping-List/Pods-Shopping-List-frameworks-${CONFIGURATION}-input-files.xcfilelist",
			);
			name = "[CP] Embed Pods Frameworks";
			outputFileListPaths = (
				"${PODS_ROOT}/Target Support Files/Pods-Shopping-List/Pods-Shopping-List-frameworks-${CONFIGURATION}-output-files.xcfilelist",
			);
			runOnlyForDeploymentPostprocessing = 0;
			shellPath = /bin/sh;
			shellScript = "\"${PODS_ROOT}/Target Support Files/Pods-Shopping-List/Pods-Shopping-List-frameworks.sh\"\n";
			showEnvVarsInLog = 0;
		};
		7744812B807DA4DACFD19857 /* [CP] Check Pods Manifest.lock */ = {
			isa = PBXShellScriptBuildPhase;
			buildActionMask = 2147483647;
			files = (
			);
			inputFileListPaths = (
			);
			inputPaths = (
				"${PODS_PODFILE_DIR_PATH}/Podfile.lock",
				"${PODS_ROOT}/Manifest.lock",
			);
			name = "[CP] Check Pods Manifest.lock";
			outputFileListPaths = (
			);
			outputPaths = (
				"$(DERIVED_FILE_DIR)/Pods-Shopping-List-checkManifestLockResult.txt",
			);
			runOnlyForDeploymentPostprocessing = 0;
			shellPath = /bin/sh;
			shellScript = "diff \"${PODS_PODFILE_DIR_PATH}/Podfile.lock\" \"${PODS_ROOT}/Manifest.lock\" > /dev/null\nif [ $? != 0 ] ; then\n    # print error to STDERR\n    echo \"error: The sandbox is not in sync with the Podfile.lock. Run 'pod install' or update your CocoaPods installation.\" >&2\n    exit 1\nfi\n# This output is used by Xcode 'outputs' to avoid re-running this script phase.\necho \"SUCCESS\" > \"${SCRIPT_OUTPUT_FILE_0}\"\n";
			showEnvVarsInLog = 0;
		};
/* End PBXShellScriptBuildPhase section */

/* Begin PBXSourcesBuildPhase section */
		BA20CEBC25F08AFD008B30C4 /* Sources */ = {
			isa = PBXSourcesBuildPhase;
			buildActionMask = 2147483647;
			files = (
				BA20CED925F08C06008B30C4 /* LoginViewController.swift in Sources */,
				BAC1DB00261057E600497A02 /* DataModel.xcdatamodeld in Sources */,
				BA20CEDC25F08C33008B30C4 /* RegisterViewController.swift in Sources */,
				BA60FEA925F58A0000957078 /* ListViewController.swift in Sources */,
				BA20CEC825F08AFD008B30C4 /* ViewController.swift in Sources */,
				BA20CEC425F08AFD008B30C4 /* AppDelegate.swift in Sources */,
				BA20CEC625F08AFD008B30C4 /* SceneDelegate.swift in Sources */,
			);
			runOnlyForDeploymentPostprocessing = 0;
		};
/* End PBXSourcesBuildPhase section */

/* Begin PBXVariantGroup section */
		BA20CEC925F08AFD008B30C4 /* Main.storyboard */ = {
			isa = PBXVariantGroup;
			children = (
				BA20CECA25F08AFD008B30C4 /* Base */,
			);
			name = Main.storyboard;
			sourceTree = "<group>";
		};
		BA20CECE25F08B01008B30C4 /* LaunchScreen.storyboard */ = {
			isa = PBXVariantGroup;
			children = (
				BA20CECF25F08B01008B30C4 /* Base */,
			);
			name = LaunchScreen.storyboard;
			sourceTree = "<group>";
		};
/* End PBXVariantGroup section */

/* Begin XCBuildConfiguration section */
		BA20CED225F08B01008B30C4 /* Debug */ = {
			isa = XCBuildConfiguration;
			buildSettings = {
				ALWAYS_SEARCH_USER_PATHS = NO;
				CLANG_ANALYZER_NONNULL = YES;
				CLANG_ANALYZER_NUMBER_OBJECT_CONVERSION = YES_AGGRESSIVE;
				CLANG_CXX_LANGUAGE_STANDARD = "gnu++14";
				CLANG_CXX_LIBRARY = "libc++";
				CLANG_ENABLE_MODULES = YES;
				CLANG_ENABLE_OBJC_ARC = YES;
				CLANG_ENABLE_OBJC_WEAK = YES;
				CLANG_WARN_BLOCK_CAPTURE_AUTORELEASING = YES;
				CLANG_WARN_BOOL_CONVERSION = YES;
				CLANG_WARN_COMMA = YES;
				CLANG_WARN_CONSTANT_CONVERSION = YES;
				CLANG_WARN_DEPRECATED_OBJC_IMPLEMENTATIONS = YES;
				CLANG_WARN_DIRECT_OBJC_ISA_USAGE = YES_ERROR;
				CLANG_WARN_DOCUMENTATION_COMMENTS = YES;
				CLANG_WARN_EMPTY_BODY = YES;
				CLANG_WARN_ENUM_CONVERSION = YES;
				CLANG_WARN_INFINITE_RECURSION = YES;
				CLANG_WARN_INT_CONVERSION = YES;
				CLANG_WARN_NON_LITERAL_NULL_CONVERSION = YES;
				CLANG_WARN_OBJC_IMPLICIT_RETAIN_SELF = YES;
				CLANG_WARN_OBJC_LITERAL_CONVERSION = YES;
				CLANG_WARN_OBJC_ROOT_CLASS = YES_ERROR;
				CLANG_WARN_QUOTED_INCLUDE_IN_FRAMEWORK_HEADER = YES;
				CLANG_WARN_RANGE_LOOP_ANALYSIS = YES;
				CLANG_WARN_STRICT_PROTOTYPES = YES;
				CLANG_WARN_SUSPICIOUS_MOVE = YES;
				CLANG_WARN_UNGUARDED_AVAILABILITY = YES_AGGRESSIVE;
				CLANG_WARN_UNREACHABLE_CODE = YES;
				CLANG_WARN__DUPLICATE_METHOD_MATCH = YES;
				COPY_PHASE_STRIP = NO;
				DEBUG_INFORMATION_FORMAT = dwarf;
				ENABLE_STRICT_OBJC_MSGSEND = YES;
				ENABLE_TESTABILITY = YES;
				GCC_C_LANGUAGE_STANDARD = gnu11;
				GCC_DYNAMIC_NO_PIC = NO;
				GCC_NO_COMMON_BLOCKS = YES;
				GCC_OPTIMIZATION_LEVEL = 0;
				GCC_PREPROCESSOR_DEFINITIONS = (
					"DEBUG=1",
					"$(inherited)",
				);
				GCC_WARN_64_TO_32_BIT_CONVERSION = YES;
				GCC_WARN_ABOUT_RETURN_TYPE = YES_ERROR;
				GCC_WARN_UNDECLARED_SELECTOR = YES;
				GCC_WARN_UNINITIALIZED_AUTOS = YES_AGGRESSIVE;
				GCC_WARN_UNUSED_FUNCTION = YES;
				GCC_WARN_UNUSED_VARIABLE = YES;
				IPHONEOS_DEPLOYMENT_TARGET = 14.4;
				MTL_ENABLE_DEBUG_INFO = INCLUDE_SOURCE;
				MTL_FAST_MATH = YES;
				ONLY_ACTIVE_ARCH = YES;
				SDKROOT = iphoneos;
				SWIFT_ACTIVE_COMPILATION_CONDITIONS = DEBUG;
				SWIFT_OPTIMIZATION_LEVEL = "-Onone";
			};
			name = Debug;
		};
		BA20CED325F08B01008B30C4 /* Release */ = {
			isa = XCBuildConfiguration;
			buildSettings = {
				ALWAYS_SEARCH_USER_PATHS = NO;
				CLANG_ANALYZER_NONNULL = YES;
				CLANG_ANALYZER_NUMBER_OBJECT_CONVERSION = YES_AGGRESSIVE;
				CLANG_CXX_LANGUAGE_STANDARD = "gnu++14";
				CLANG_CXX_LIBRARY = "libc++";
				CLANG_ENABLE_MODULES = YES;
				CLANG_ENABLE_OBJC_ARC = YES;
				CLANG_ENABLE_OBJC_WEAK = YES;
				CLANG_WARN_BLOCK_CAPTURE_AUTORELEASING = YES;
				CLANG_WARN_BOOL_CONVERSION = YES;
				CLANG_WARN_COMMA = YES;
				CLANG_WARN_CONSTANT_CONVERSION = YES;
				CLANG_WARN_DEPRECATED_OBJC_IMPLEMENTATIONS = YES;
				CLANG_WARN_DIRECT_OBJC_ISA_USAGE = YES_ERROR;
				CLANG_WARN_DOCUMENTATION_COMMENTS = YES;
				CLANG_WARN_EMPTY_BODY = YES;
				CLANG_WARN_ENUM_CONVERSION = YES;
				CLANG_WARN_INFINITE_RECURSION = YES;
				CLANG_WARN_INT_CONVERSION = YES;
				CLANG_WARN_NON_LITERAL_NULL_CONVERSION = YES;
				CLANG_WARN_OBJC_IMPLICIT_RETAIN_SELF = YES;
				CLANG_WARN_OBJC_LITERAL_CONVERSION = YES;
				CLANG_WARN_OBJC_ROOT_CLASS = YES_ERROR;
				CLANG_WARN_QUOTED_INCLUDE_IN_FRAMEWORK_HEADER = YES;
				CLANG_WARN_RANGE_LOOP_ANALYSIS = YES;
				CLANG_WARN_STRICT_PROTOTYPES = YES;
				CLANG_WARN_SUSPICIOUS_MOVE = YES;
				CLANG_WARN_UNGUARDED_AVAILABILITY = YES_AGGRESSIVE;
				CLANG_WARN_UNREACHABLE_CODE = YES;
				CLANG_WARN__DUPLICATE_METHOD_MATCH = YES;
				COPY_PHASE_STRIP = NO;
				DEBUG_INFORMATION_FORMAT = "dwarf-with-dsym";
				ENABLE_NS_ASSERTIONS = NO;
				ENABLE_STRICT_OBJC_MSGSEND = YES;
				GCC_C_LANGUAGE_STANDARD = gnu11;
				GCC_NO_COMMON_BLOCKS = YES;
				GCC_WARN_64_TO_32_BIT_CONVERSION = YES;
				GCC_WARN_ABOUT_RETURN_TYPE = YES_ERROR;
				GCC_WARN_UNDECLARED_SELECTOR = YES;
				GCC_WARN_UNINITIALIZED_AUTOS = YES_AGGRESSIVE;
				GCC_WARN_UNUSED_FUNCTION = YES;
				GCC_WARN_UNUSED_VARIABLE = YES;
				IPHONEOS_DEPLOYMENT_TARGET = 14.4;
				MTL_ENABLE_DEBUG_INFO = NO;
				MTL_FAST_MATH = YES;
				SDKROOT = iphoneos;
				SWIFT_COMPILATION_MODE = wholemodule;
				SWIFT_OPTIMIZATION_LEVEL = "-O";
				VALIDATE_PRODUCT = YES;
			};
			name = Release;
		};
		BA20CED525F08B01008B30C4 /* Debug */ = {
			isa = XCBuildConfiguration;
			baseConfigurationReference = 06AC5C8BAF110C75279A5A33 /* Pods-Shopping-List.debug.xcconfig */;
			buildSettings = {
				ASSETCATALOG_COMPILER_APPICON_NAME = Homepage;
				ASSETCATALOG_COMPILER_GLOBAL_ACCENT_COLOR_NAME = AccentColor;
				CODE_SIGN_STYLE = Automatic;
				INFOPLIST_FILE = "Shopping-List/Info.plist";
				LD_RUNPATH_SEARCH_PATHS = (
					"$(inherited)",
					"@executable_path/Frameworks",
				);
				PRODUCT_BUNDLE_IDENTIFIER = "com.ruchirelukurthy.Shopping-List";
				PRODUCT_NAME = "$(TARGET_NAME)";
				SWIFT_VERSION = 5.0;
				TARGETED_DEVICE_FAMILY = "1,2";
			};
			name = Debug;
		};
		BA20CED625F08B01008B30C4 /* Release */ = {
			isa = XCBuildConfiguration;
			baseConfigurationReference = E678156EBE49DDDAC4E51E68 /* Pods-Shopping-List.release.xcconfig */;
			buildSettings = {
				ASSETCATALOG_COMPILER_APPICON_NAME = Homepage;
				ASSETCATALOG_COMPILER_GLOBAL_ACCENT_COLOR_NAME = AccentColor;
				CODE_SIGN_STYLE = Automatic;
				INFOPLIST_FILE = "Shopping-List/Info.plist";
				LD_RUNPATH_SEARCH_PATHS = (
					"$(inherited)",
					"@executable_path/Frameworks",
				);
				PRODUCT_BUNDLE_IDENTIFIER = "com.ruchirelukurthy.Shopping-List";
				PRODUCT_NAME = "$(TARGET_NAME)";
				SWIFT_VERSION = 5.0;
				TARGETED_DEVICE_FAMILY = "1,2";
			};
			name = Release;
		};
/* End XCBuildConfiguration section */

/* Begin XCConfigurationList section */
		BA20CEBB25F08AFD008B30C4 /* Build configuration list for PBXProject "Shopping-List" */ = {
			isa = XCConfigurationList;
			buildConfigurations = (
				BA20CED225F08B01008B30C4 /* Debug */,
				BA20CED325F08B01008B30C4 /* Release */,
			);
			defaultConfigurationIsVisible = 0;
			defaultConfigurationName = Release;
		};
		BA20CED425F08B01008B30C4 /* Build configuration list for PBXNativeTarget "Shopping-List" */ = {
			isa = XCConfigurationList;
			buildConfigurations = (
				BA20CED525F08B01008B30C4 /* Debug */,
				BA20CED625F08B01008B30C4 /* Release */,
			);
			defaultConfigurationIsVisible = 0;
			defaultConfigurationName = Release;
		};
/* End XCConfigurationList section */

/* Begin XCVersionGroup section */
		BAC1DAFE261057E600497A02 /* DataModel.xcdatamodeld */ = {
			isa = XCVersionGroup;
			children = (
				BAC1DAFF261057E600497A02 /* DataModel.xcdatamodel */,
			);
			currentVersion = BAC1DAFF261057E600497A02 /* DataModel.xcdatamodel */;
			path = DataModel.xcdatamodeld;
			sourceTree = "<group>";
			versionGroupType = wrapper.xcdatamodel;
		};
/* End XCVersionGroup section */
	};
	rootObject = BA20CEB825F08AFD008B30C4 /* Project object */;
}
